github.com/aofei/backoff v1.2.0 h1:wLdRCtzpfnEpyFDgtqcZ/Up8S/bqk5EbONkftnvHvsY=
github.com/aofei/backoff v1.2.0/go.mod h1:IHCkMdd5vGP6dcDHD+uLn6lVuBw7+rKYaS7e7QIQwYA=
github.com/aws/aws-sdk-go-v2 v1.47.0 h1:0jsHallhJCeaU0Ko48c/3FK1ctOQ7NpzggxriJOQ8MQ=
github.com/aws/aws-sdk-go-v2 v1.47.0/go.mod h1:bttEH6JqnUL8LepvDVfdrds/fZ5bCIxzpe3abyUrhDU=
github.com/aws/aws-sdk-go-v2/aws/protocol/eventstream v1.7.20 h1:GPRlPwz40I2B2VrBEASOA3Bi77NyeqejNLkifosX0rs=
github.com/aws/aws-sdk-go-v2/aws/protocol/eventstream v1.7.20/go.mod h1:g7PNzKcsOKWb4fkSRBA7BZVAS6Y8IcxzN+nRohhQ1Q8=
github.com/aws/aws-sdk-go-v2/credentials v1.20.4 h1:hTvrJJseKbvw32kmiE0G+u/9ZqpqscjDrTigHIXP2qs=
github.com/aws/aws-sdk-go-v2/credentials v1.20.4/go.mod h1:gWp9O1ZBWwpcIrgV+mVHk4gZUurAEDkgypu/OXOlIaw=
github.com/aws/aws-sdk-go-v2/internal/configsources v1.5.3 h1:Hp/VgjP0BysR3OgLlR057Vz2LcbbVnoWeJ+3qWiS/fY=
github.com/aws/aws-sdk-go-v2/internal/configsources v1.5.3/go.mod h1:nwGV5qw7F1IZPgxCvA/ph8N2TAuz+BkRG/bXn808qMA=
github.com/aws/aws-sdk-go-v2/internal/endpoints/v2 v2.8.3 h1:MUaM4f+kj1ZIBPZfUS8cxP1GKXXZtHJjAthy93AN7SM=
github.com/aws/aws-sdk-go-v2/internal/endpoints/v2 v2.8.3/go.mod h1:6YmVmEVRI5ZZzRjCSsb9SryKH0hAlMRdgA7kG9aDvBU=
github.com/aws/aws-sdk-go-v2/internal/v4a v1.5.3 h1:fuSCw4Z2qfRCztMPO3GXJNSiEp6Wee+WOLwrHHUMy9c=
github.com/aws/aws-sdk-go-v2/internal/v4a v1.5.3/go.mod h1:6SxcHheD1pPR5+kWm1wGvjlL/YqUsh267sAfEmN4K7A=
github.com/aws/aws-sdk-go-v2/service/internal/accept-encoding v1.13.19 h1:bAdDl/HkGCcGPoe25ToSHEw23VIxt6CT5fLcg111BKg=
github.com/aws/aws-sdk-go-v2/service/internal/accept-encoding v1.13.19/go.mod h1:KaUzbLxv4CeSxh6ZCl9B4m7CuFenS8kUEaDs+f/DQr4=
github.com/aws/aws-sdk-go-v2/service/internal/checksum v1.11.3 h1:BHKCSX4QXERe8So8rbWqaM7owqOmDJxATXgJwGng22A=
github.com/aws/aws-sdk-go-v2/service/internal/checksum v1.11.3/go.mod h1:GqWeeKfYfezihA2KfFL9l7ohEdZWe1tuFWh3GfyNSnE=
github.com/aws/aws-sdk-go-v2/service/internal/presigned-url v1.14.3 h1:bON1rJf67TSTDCKg816AAIE4xSTtoo9tl0XRkO72R+I=
github.com/aws/aws-sdk-go-v2/service/internal/presigned-url v1.14.3/go.mod h1:c5BBpjJcQXpfeq9iASyVKA3T6vX6B6LEXY4mL/gklDY=
github.com/aws/aws-sdk-go-v2/service/internal/s3shared v1.20.3 h1:L8vIOxylma91TcR96NFTEC07G3JDwSl+CvK2b+IODms=
github.com/aws/aws-sdk-go-v2/service/internal/s3shared v1.20.3/go.mod h1:fmPIZQzTExYuBNWFyi1P7IoDjvskgphXqK1yObMzusM=
github.com/aws/aws-sdk-go-v2/service/s3 v1.113.1 h1:cFHmwLxZPvtoAlo79MboURL2+7b0TMHycnrcf5VZNXk=
github.com/aws/aws-sdk-go-v2/service/s3 v1.113.1/go.mod h1:/uA+2Qj4jd5qBWagVC1AyzzDFXVK997E7U04w7Kw0wI=
github.com/aws/smithy-go v1.28.1 h1:R/nXH00c8qcfCzQVELtRw+eLQWtzv+VAIEFJ1/xxXlQ=
github.com/aws/smithy-go v1.28.1/go.mod h1:YE2RhdIuDbA5E5bTdciG9KrW3+TiEONeUWCqxX9i1Fc=
github.com/cpuguy83/go-md2man/v2 v2.0.6/go.mod h1:oOW0eioCTA6cOiMLiUPZOpcVxMig6NIQQ7OS05n1F4g=
github.com/inconshreveable/mousetrap v1.1.0 h1:wN+x4NVGpMsO7ErUn/mUI3vEoE6Jt13X2s0bqwp9tc8=
github.com/inconshreveable/mousetrap v1.1.0/go.mod h1:vpF70FUmC8bwa3OWnCshd2FqLfsEA9PFc4w1p2J65bw=
github.com/russross/blackfriday/v2 v2.1.0/go.mod h1:+Rmxgy9KzJVeS9/2gXHxylqXiyQDYRxCVz55jmeOWTM=
github.com/spf13/cobra v1.10.2 h1:DMTTonx5m65Ic0GOoRY2c16WCbHxOOw6xxezuLaBpcU=
github.com/spf13/cobra v1.10.2/go.mod h1:7C1pvHqHw5A4vrJfjNwvOdzYu0Gml16OCs2GRiTUUS4=
github.com/spf13/pflag v1.0.9 h1:9exaQaMOCwffKiiiYk6/BndUBv+iRViNW+4lEMi0PvY=
github.com/spf13/pflag v1.0.9/go.mod h1:McXfInJRrz4CZXVZOBLb0bTZqETkiAhM9Iw0y3An2Bg=
go.yaml.in/yaml/v3 v3.0.4/go.mod h1:DhzuOOF2ATzADvBadXxruRBLzYTpT36CKvDb3+aBEFg=
golang.org/x/mod v0.41.0 h1:qJmnOUb4YB+FsEuM3HcWucdZASCPGhsX6uljO6pog0c=
golang.org/x/mod v0.41.0/go.mod h1:Ek9pY8RKWXwsWvd3rQiHYtMqkjSUV+s1Rj7j4H5Ur6o=
golang.org/x/tools v0.49.0 h1:3NI7VXzL9+1WZD52Dx2ttoPwD5DWrFGpl9mFZDlmisI=
golang.org/x/tools v0.49.0/go.mod h1:SJNXV9DBKT0UbdttsQjbfJlAE/q+y36++zo3uL3N0Oo=
gopkg.in/check.v1 v0.0.0-20161208181325-20d25e280405/go.mod h1:Co6ibVJAznAaIkqp8huTwlJQCZ016jof/cbN4VW5Yz0=
